
Microsoft Visual Studio Solution File, Format Version 12.00
# Visual Studio 14
VisualStudioVersion = 14.0.24720.0
MinimumVisualStudioVersion = 10.0.40219.1
Project("{FAE04EC0-301F-11D3-BF4B-00C04F79EFBC}") = "Crondale.SourceModel.UnitTests", "Crondale.SourceModel.UnitTests\Crondale.SourceModel.UnitTests.csproj", "{4726919E-704E-47F0-B9D2-E84F65C58AC9}"
EndProject
Project("{FAE04EC0-301F-11D3-BF4B-00C04F79EFBC}") = "Crondale.SourceModel", "Crondale.SourceModel\Crondale.SourceModel.csproj", "{F29B38E4-B64C-4C88-879E-AB4140D943F2}"
EndProject
Global
	GlobalSection(SolutionConfigurationPlatforms) = preSolution
		Debug|Any CPU = Debug|Any CPU
		Release|Any CPU = Release|Any CPU
	EndGlobalSection
	GlobalSection(ProjectConfigurationPlatforms) = postSolution
		{4726919E-704E-47F0-B9D2-E84F65C58AC9}.Debug|Any CPU.ActiveCfg = Debug|Any CPU
		{4726919E-704E-47F0-B9D2-E84F65C58AC9}.Debug|Any CPU.Build.0 = Debug|Any CPU
		{4726919E-704E-47F0-B9D2-E84F65C58AC9}.Release|Any CPU.ActiveCfg = Release|Any CPU
		{4726919E-704E-47F0-B9D2-E84F65C58AC9}.Release|Any CPU.Build.0 = Release|Any CPU
		{F29B38E4-B64C-4C88-879E-AB4140D943F2}.Debug|Any CPU.ActiveCfg = Debug|Any CPU
		{F29B38E4-B64C-4C88-879E-AB4140D943F2}.Debug|Any CPU.Build.0 = Debug|Any CPU
		{F29B38E4-B64C-4C88-879E-AB4140D943F2}.Release|Any CPU.ActiveCfg = Release|Any CPU
		{F29B38E4-B64C-4C88-879E-AB4140D943F2}.Release|Any CPU.Build.0 = Release|Any CPU
	EndGlobalSection
	GlobalSection(SolutionProperties) = preSolution
		HideSolutionNode = FALSE
	EndGlobalSection
EndGlobal
